// !$*UTF8*$!
{
	archiveVersion = 1;
	classes = {
	};
	objectVersion = 46;
	objects = {

/* Begin PBXBuildFile section */
		54F39D03433E9EA8B9511216 /* Pods_TKZWHackathon2.framework in Frameworks */ = {isa = PBXBuildFile; fileRef = CC5497F75E28ABADA46CE6CD /* Pods_TKZWHackathon2.framework */; };
		AC265B101E63E83400EECE88 /* SetGoalViewController.swift in Sources */ = {isa = PBXBuildFile; fileRef = AC265B0F1E63E83400EECE88 /* SetGoalViewController.swift */; };
		AC265B141E63E90700EECE88 /* MainTabBarController.swift in Sources */ = {isa = PBXBuildFile; fileRef = AC265B131E63E90700EECE88 /* MainTabBarController.swift */; };
		AC265B901E6411F900EECE88 /* setMorningViewController.swift in Sources */ = {isa = PBXBuildFile; fileRef = AC265B8F1E6411F900EECE88 /* setMorningViewController.swift */; };
		AC265B921E64121A00EECE88 /* setEveningViewController.swift in Sources */ = {isa = PBXBuildFile; fileRef = AC265B911E64121A00EECE88 /* setEveningViewController.swift */; };
		C40887301E63F9420081B273 /* Charts.framework in Frameworks */ = {isa = PBXBuildFile; fileRef = C408872F1E63F9420081B273 /* Charts.framework */; };
		C40C8E921E63F737005EBD62 /* ChartViewController.swift in Sources */ = {isa = PBXBuildFile; fileRef = C40C8E911E63F737005EBD62 /* ChartViewController.swift */; };
		C4427CD91E63DFD1008E8D4B /* AppDelegate.swift in Sources */ = {isa = PBXBuildFile; fileRef = C4427CD81E63DFD1008E8D4B /* AppDelegate.swift */; };
		C4427CDB1E63DFD1008E8D4B /* ViewController.swift in Sources */ = {isa = PBXBuildFile; fileRef = C4427CDA1E63DFD1008E8D4B /* ViewController.swift */; };
		C4427CDE1E63DFD1008E8D4B /* Main.storyboard in Resources */ = {isa = PBXBuildFile; fileRef = C4427CDC1E63DFD1008E8D4B /* Main.storyboard */; };
		C4427CE01E63DFD1008E8D4B /* Assets.xcassets in Resources */ = {isa = PBXBuildFile; fileRef = C4427CDF1E63DFD1008E8D4B /* Assets.xcassets */; };
		C4427CE31E63DFD1008E8D4B /* LaunchScreen.storyboard in Resources */ = {isa = PBXBuildFile; fileRef = C4427CE11E63DFD1008E8D4B /* LaunchScreen.storyboard */; };
/* End PBXBuildFile section */

/* Begin PBXFileReference section */
		558EA60C425A15ACA7503290 /* Pods-TKZWHackathon2.release.xcconfig */ = {isa = PBXFileReference; includeInIndex = 1; lastKnownFileType = text.xcconfig; name = "Pods-TKZWHackathon2.release.xcconfig"; path = "Pods/Target Support Files/Pods-TKZWHackathon2/Pods-TKZWHackathon2.release.xcconfig"; sourceTree = "<group>"; };
		9A14E59C8443CEAAE0ABC243 /* Pods-TKZWHackathon2.debug.xcconfig */ = {isa = PBXFileReference; includeInIndex = 1; lastKnownFileType = text.xcconfig; name = "Pods-TKZWHackathon2.debug.xcconfig"; path = "Pods/Target Support Files/Pods-TKZWHackathon2/Pods-TKZWHackathon2.debug.xcconfig"; sourceTree = "<group>"; };
		AC265B0F1E63E83400EECE88 /* SetGoalViewController.swift */ = {isa = PBXFileReference; fileEncoding = 4; lastKnownFileType = sourcecode.swift; path = SetGoalViewController.swift; sourceTree = "<group>"; };
		AC265B131E63E90700EECE88 /* MainTabBarController.swift */ = {isa = PBXFileReference; fileEncoding = 4; lastKnownFileType = sourcecode.swift; path = MainTabBarController.swift; sourceTree = "<group>"; };
		AC265B8F1E6411F900EECE88 /* setMorningViewController.swift */ = {isa = PBXFileReference; fileEncoding = 4; lastKnownFileType = sourcecode.swift; path = setMorningViewController.swift; sourceTree = "<group>"; };
		AC265B911E64121A00EECE88 /* setEveningViewController.swift */ = {isa = PBXFileReference; fileEncoding = 4; lastKnownFileType = sourcecode.swift; path = setEveningViewController.swift; sourceTree = "<group>"; };
		C408872F1E63F9420081B273 /* Charts.framework */ = {isa = PBXFileReference; lastKnownFileType = wrapper.framework; name = Charts.framework; path = "Pods/../build/Debug-iphoneos/Charts/Charts.framework"; sourceTree = "<group>"; };
		C40C8E911E63F737005EBD62 /* ChartViewController.swift */ = {isa = PBXFileReference; fileEncoding = 4; lastKnownFileType = sourcecode.swift; path = ChartViewController.swift; sourceTree = "<group>"; };
		C4427CD51E63DFD1008E8D4B /* TKZWHackathon2.app */ = {isa = PBXFileReference; explicitFileType = wrapper.application; includeInIndex = 0; path = TKZWHackathon2.app; sourceTree = BUILT_PRODUCTS_DIR; };
		C4427CD81E63DFD1008E8D4B /* AppDelegate.swift */ = {isa = PBXFileReference; lastKnownFileType = sourcecode.swift; path = AppDelegate.swift; sourceTree = "<group>"; };
		C4427CDA1E63DFD1008E8D4B /* ViewController.swift */ = {isa = PBXFileReference; lastKnownFileType = sourcecode.swift; path = ViewController.swift; sourceTree = "<group>"; };
		C4427CDD1E63DFD1008E8D4B /* Base */ = {isa = PBXFileReference; lastKnownFileType = file.storyboard; name = Base; path = Base.lproj/Main.storyboard; sourceTree = "<group>"; };
		C4427CDF1E63DFD1008E8D4B /* Assets.xcassets */ = {isa = PBXFileReference; lastKnownFileType = folder.assetcatalog; path = Assets.xcassets; sourceTree = "<group>"; };
		C4427CE21E63DFD1008E8D4B /* Base */ = {isa = PBXFileReference; lastKnownFileType = file.storyboard; name = Base; path = Base.lproj/LaunchScreen.storyboard; sourceTree = "<group>"; };
		C4427CE41E63DFD1008E8D4B /* Info.plist */ = {isa = PBXFileReference; lastKnownFileType = text.plist.xml; path = Info.plist; sourceTree = "<group>"; };
		CC5497F75E28ABADA46CE6CD /* Pods_TKZWHackathon2.framework */ = {isa = PBXFileReference; explicitFileType = wrapper.framework; includeInIndex = 0; path = Pods_TKZWHackathon2.framework; sourceTree = BUILT_PRODUCTS_DIR; };
/* End PBXFileReference section */

/* Begin PBXFrameworksBuildPhase section */
		C4427CD21E63DFD1008E8D4B /* Frameworks */ = {
			isa = PBXFrameworksBuildPhase;
			buildActionMask = 2147483647;
			files = (
				C40887301E63F9420081B273 /* Charts.framework in Frameworks */,
				54F39D03433E9EA8B9511216 /* Pods_TKZWHackathon2.framework in Frameworks */,
			);
			runOnlyForDeploymentPostprocessing = 0;
		};
/* End PBXFrameworksBuildPhase section */

/* Begin PBXGroup section */
		1DE713E0BC56277648155250 /* Frameworks */ = {
			isa = PBXGroup;
			children = (
				C408872F1E63F9420081B273 /* Charts.framework */,
				CC5497F75E28ABADA46CE6CD /* Pods_TKZWHackathon2.framework */,
			);
			name = Frameworks;
			sourceTree = "<group>";
		};
		AED28E7FC844EA3F29B83AE0 /* Pods */ = {
			isa = PBXGroup;
			children = (
				9A14E59C8443CEAAE0ABC243 /* Pods-TKZWHackathon2.debug.xcconfig */,
				558EA60C425A15ACA7503290 /* Pods-TKZWHackathon2.release.xcconfig */,
			);
			name = Pods;
			sourceTree = "<group>";
		};
		C4427CCC1E63DFD1008E8D4B = {
			isa = PBXGroup;
			children = (
				C4427CD71E63DFD1008E8D4B /* TKZWHackathon2 */,
				C4427CD61E63DFD1008E8D4B /* Products */,
				AED28E7FC844EA3F29B83AE0 /* Pods */,
				1DE713E0BC56277648155250 /* Frameworks */,
			);
			sourceTree = "<group>";
		};
		C4427CD61E63DFD1008E8D4B /* Products */ = {
			isa = PBXGroup;
			children = (
				C4427CD51E63DFD1008E8D4B /* TKZWHackathon2.app */,
			);
			name = Products;
			sourceTree = "<group>";
		};
		C4427CD71E63DFD1008E8D4B /* TKZWHackathon2 */ = {
			isa = PBXGroup;
			children = (
				C4427CD81E63DFD1008E8D4B /* AppDelegate.swift */,
				C4427CDA1E63DFD1008E8D4B /* ViewController.swift */,
				AC265B131E63E90700EECE88 /* MainTabBarController.swift */,
				AC265B8F1E6411F900EECE88 /* setMorningViewController.swift */,
				AC265B911E64121A00EECE88 /* setEveningViewController.swift */,
				AC265B0F1E63E83400EECE88 /* SetGoalViewController.swift */,
				C40C8E911E63F737005EBD62 /* ChartViewController.swift */,
				C4427CDC1E63DFD1008E8D4B /* Main.storyboard */,
				C4427CDF1E63DFD1008E8D4B /* Assets.xcassets */,
				C4427CE11E63DFD1008E8D4B /* LaunchScreen.storyboard */,
				C4427CE41E63DFD1008E8D4B /* Info.plist */,
			);
			path = TKZWHackathon2;
			sourceTree = "<group>";
		};
/* End PBXGroup section */

/* Begin PBXNativeTarget section */
		C4427CD41E63DFD1008E8D4B /* TKZWHackathon2 */ = {
			isa = PBXNativeTarget;
			buildConfigurationList = C4427CE71E63DFD1008E8D4B /* Build configuration list for PBXNativeTarget "TKZWHackathon2" */;
			buildPhases = (
				DBB31FAA7C0B1F893313743D /* [CP] Check Pods Manifest.lock */,
				C4427CD11E63DFD1008E8D4B /* Sources */,
				C4427CD21E63DFD1008E8D4B /* Frameworks */,
				C4427CD31E63DFD1008E8D4B /* Resources */,
				4DEA49FE8433A6C585F6BB89 /* [CP] Embed Pods Frameworks */,
				2A83DD4F4188E2211DF7A90A /* [CP] Copy Pods Resources */,
			);
			buildRules = (
			);
			dependencies = (
			);
			name = TKZWHackathon2;
			productName = TKZWHackathon2;
			productReference = C4427CD51E63DFD1008E8D4B /* TKZWHackathon2.app */;
			productType = "com.apple.product-type.application";
		};
/* End PBXNativeTarget section */

/* Begin PBXProject section */
		C4427CCD1E63DFD1008E8D4B /* Project object */ = {
			isa = PBXProject;
			attributes = {
				LastSwiftUpdateCheck = 0820;
				LastUpgradeCheck = 0820;
				ORGANIZATIONNAME = "白田光";
				TargetAttributes = {
					C4427CD41E63DFD1008E8D4B = {
						CreatedOnToolsVersion = 8.2.1;
						DevelopmentTeam = CXU6BD8CC4;
						ProvisioningStyle = Automatic;
					};
				};
			};
			buildConfigurationList = C4427CD01E63DFD1008E8D4B /* Build configuration list for PBXProject "TKZWHackathon2" */;
			compatibilityVersion = "Xcode 3.2";
			developmentRegion = English;
			hasScannedForEncodings = 0;
			knownRegions = (
				en,
				Base,
			);
			mainGroup = C4427CCC1E63DFD1008E8D4B;
			productRefGroup = C4427CD61E63DFD1008E8D4B /* Products */;
			projectDirPath = "";
			projectRoot = "";
			targets = (
				C4427CD41E63DFD1008E8D4B /* TKZWHackathon2 */,
			);
		};
/* End PBXProject section */

/* Begin PBXResourcesBuildPhase section */
		C4427CD31E63DFD1008E8D4B /* Resources */ = {
			isa = PBXResourcesBuildPhase;
			buildActionMask = 2147483647;
			files = (
				C4427CE31E63DFD1008E8D4B /* LaunchScreen.storyboard in Resources */,
				C4427CE01E63DFD1008E8D4B /* Assets.xcassets in Resources */,
				C4427CDE1E63DFD1008E8D4B /* Main.storyboard in Resources */,
			);
			runOnlyForDeploymentPostprocessing = 0;
		};
/* End PBXResourcesBuildPhase section */

/* Begin PBXShellScriptBuildPhase section */
		2A83DD4F4188E2211DF7A90A /* [CP] Copy Pods Resources */ = {
			isa = PBXShellScriptBuildPhase;
			buildActionMask = 2147483647;
			files = (
			);
			inputPaths = (
			);
			name = "[CP] Copy Pods Resources";
			outputPaths = (
			);
			runOnlyForDeploymentPostprocessing = 0;
			shellPath = /bin/sh;
			shellScript = "\"${SRCROOT}/Pods/Target Support Files/Pods-TKZWHackathon2/Pods-TKZWHackathon2-resources.sh\"\n";
			showEnvVarsInLog = 0;
		};
		4DEA49FE8433A6C585F6BB89 /* [CP] Embed Pods Frameworks */ = {
			isa = PBXShellScriptBuildPhase;
			buildActionMask = 2147483647;
			files = (
			);
			inputPaths = (
			);
			name = "[CP] Embed Pods Frameworks";
			outputPaths = (
			);
			runOnlyForDeploymentPostprocessing = 0;
			shellPath = /bin/sh;
			shellScript = "\"${SRCROOT}/Pods/Target Support Files/Pods-TKZWHackathon2/Pods-TKZWHackathon2-frameworks.sh\"\n";
			showEnvVarsInLog = 0;
		};
		DBB31FAA7C0B1F893313743D /* [CP] Check Pods Manifest.lock */ = {
			isa = PBXShellScriptBuildPhase;
			buildActionMask = 2147483647;
			files = (
			);
			inputPaths = (
			);
			name = "[CP] Check Pods Manifest.lock";
			outputPaths = (
			);
			runOnlyForDeploymentPostprocessing = 0;
			shellPath = /bin/sh;
			shellScript = "diff \"${PODS_ROOT}/../Podfile.lock\" \"${PODS_ROOT}/Manifest.lock\" > /dev/null\nif [ $? != 0 ] ; then\n    # print error to STDERR\n    echo \"error: The sandbox is not in sync with the Podfile.lock. Run 'pod install' or update your CocoaPods installation.\" >&2\n    exit 1\nfi\n";
			showEnvVarsInLog = 0;
		};
/* End PBXShellScriptBuildPhase section */

/* Begin PBXSourcesBuildPhase section */
		C4427CD11E63DFD1008E8D4B /* Sources */ = {
			isa = PBXSourcesBuildPhase;
			buildActionMask = 2147483647;
			files = (
				AC265B921E64121A00EECE88 /* setEveningViewController.swift in Sources */,
				C4427CDB1E63DFD1008E8D4B /* ViewController.swift in Sources */,
				AC265B101E63E83400EECE88 /* SetGoalViewController.swift in Sources */,
				AC265B901E6411F900EECE88 /* setMorningViewController.swift in Sources */,
				AC265B141E63E90700EECE88 /* MainTabBarController.swift in Sources */,
				C4427CD91E63DFD1008E8D4B /* AppDelegate.swift in Sources */,
				C40C8E921E63F737005EBD62 /* ChartViewController.swift in Sources */,
			);
			runOnlyForDeploymentPostprocessing = 0;
		};
/* End PBXSourcesBuildPhase section */

/* Begin PBXVariantGroup section */
		C4427CDC1E63DFD1008E8D4B /* Main.storyboard */ = {
			isa = PBXVariantGroup;
			children = (
				C4427CDD1E63DFD1008E8D4B /* Base */,
			);
			name = Main.storyboard;
			sourceTree = "<group>";
		};
		C4427CE11E63DFD1008E8D4B /* LaunchScreen.storyboard */ = {
			isa = PBXVariantGroup;
			children = (
				C4427CE21E63DFD1008E8D4B /* Base */,
			);
			name = LaunchScreen.storyboard;
			sourceTree = "<group>";
		};
/* End PBXVariantGroup section */

/* Begin XCBuildConfiguration section */
		C4427CE51E63DFD1008E8D4B /* Debug */ = {
			isa = XCBuildConfiguration;
			buildSettings = {
				ALWAYS_SEARCH_USER_PATHS = NO;
				CLANG_ANALYZER_NONNULL = YES;
				CLANG_CXX_LANGUAGE_STANDARD = "gnu++0x";
				CLANG_CXX_LIBRARY = "libc++";
				CLANG_ENABLE_MODULES = YES;
				CLANG_ENABLE_OBJC_ARC = YES;
				CLANG_WARN_BOOL_CONVERSION = YES;
				CLANG_WARN_CONSTANT_CONVERSION = YES;
				CLANG_WARN_DIRECT_OBJC_ISA_USAGE = YES_ERROR;
				CLANG_WARN_DOCUMENTATION_COMMENTS = YES;
				CLANG_WARN_EMPTY_BODY = YES;
				CLANG_WARN_ENUM_CONVERSION = YES;
				CLANG_WARN_INFINITE_RECURSION = YES;
				CLANG_WARN_INT_CONVERSION = YES;
				CLANG_WARN_OBJC_ROOT_CLASS = YES_ERROR;
				CLANG_WARN_SUSPICIOUS_MOVE = YES;
				CLANG_WARN_UNREACHABLE_CODE = YES;
				CLANG_WARN__DUPLICATE_METHOD_MATCH = YES;
				"CODE_SIGN_IDENTITY[sdk=iphoneos*]" = "iPhone Developer";
				COPY_PHASE_STRIP = NO;
				DEBUG_INFORMATION_FORMAT = dwarf;
				ENABLE_STRICT_OBJC_MSGSEND = YES;
				ENABLE_TESTABILITY = YES;
				GCC_C_LANGUAGE_STANDARD = gnu99;
				GCC_DYNAMIC_NO_PIC = NO;
				GCC_NO_COMMON_BLOCKS = YES;
				GCC_OPTIMIZATION_LEVEL = 0;
				GCC_PREPROCESSOR_DEFINITIONS = (
					"DEBUG=1",
					"$(inherited)",
				);
				GCC_WARN_64_TO_32_BIT_CONVERSION = YES;
				GCC_WARN_ABOUT_RETURN_TYPE = YES_ERROR;
				GCC_WARN_UNDECLARED_SELECTOR = YES;
				GCC_WARN_UNINITIALIZED_AUTOS = YES_AGGRESSIVE;
				GCC_WARN_UNUSED_FUNCTION = YES;
				GCC_WARN_UNUSED_VARIABLE = YES;
				IPHONEOS_DEPLOYMENT_TARGET = 10.2;
				MTL_ENABLE_DEBUG_INFO = YES;
				ONLY_ACTIVE_ARCH = YES;
				SDKROOT = iphoneos;
				SWIFT_ACTIVE_COMPILATION_CONDITIONS = DEBUG;
				SWIFT_OPTIMIZATION_LEVEL = "-Onone";
			};
			name = Debug;
		};
		C4427CE61E63DFD1008E8D4B /* Release */ = {
			isa = XCBuildConfiguration;
			buildSettings = {
				ALWAYS_SEARCH_USER_PATHS = NO;
				CLANG_ANALYZER_NONNULL = YES;
				CLANG_CXX_LANGUAGE_STANDARD = "gnu++0x";
				CLANG_CXX_LIBRARY = "libc++";
				CLANG_ENABLE_MODULES = YES;
				CLANG_ENABLE_OBJC_ARC = YES;
				CLANG_WARN_BOOL_CONVERSION = YES;
				CLANG_WARN_CONSTANT_CONVERSION = YES;
				CLANG_WARN_DIRECT_OBJC_ISA_USAGE = YES_ERROR;
				CLANG_WARN_DOCUMENTATION_COMMENTS = YES;
				CLANG_WARN_EMPTY_BODY = YES;
				CLANG_WARN_ENUM_CONVERSION = YES;
				CLANG_WARN_INFINITE_RECURSION = YES;
				CLANG_WARN_INT_CONVERSION = YES;
				CLANG_WARN_OBJC_ROOT_CLASS = YES_ERROR;
				CLANG_WARN_SUSPICIOUS_MOVE = YES;
				CLANG_WARN_UNREACHABLE_CODE = YES;
				CLANG_WARN__DUPLICATE_METHOD_MATCH = YES;
				"CODE_SIGN_IDENTITY[sdk=iphoneos*]" = "iPhone Developer";
				COPY_PHASE_STRIP = NO;
				DEBUG_INFORMATION_FORMAT = "dwarf-with-dsym";
				ENABLE_NS_ASSERTIONS = NO;
				ENABLE_STRICT_OBJC_MSGSEND = YES;
				GCC_C_LANGUAGE_STANDARD = gnu99;
				GCC_NO_COMMON_BLOCKS = YES;
				GCC_WARN_64_TO_32_BIT_CONVERSION = YES;
				GCC_WARN_ABOUT_RETURN_TYPE = YES_ERROR;
				GCC_WARN_UNDECLARED_SELECTOR = YES;
				GCC_WARN_UNINITIALIZED_AUTOS = YES_AGGRESSIVE;
				GCC_WARN_UNUSED_FUNCTION = YES;
				GCC_WARN_UNUSED_VARIABLE = YES;
				IPHONEOS_DEPLOYMENT_TARGET = 10.2;
				MTL_ENABLE_DEBUG_INFO = NO;
				SDKROOT = iphoneos;
				SWIFT_OPTIMIZATION_LEVEL = "-Owholemodule";
				VALIDATE_PRODUCT = YES;
			};
			name = Release;
		};
		C4427CE81E63DFD1008E8D4B /* Debug */ = {
			isa = XCBuildConfiguration;
			baseConfigurationReference = 9A14E59C8443CEAAE0ABC243 /* Pods-TKZWHackathon2.debug.xcconfig */;
			buildSettings = {
				ASSETCATALOG_COMPILER_APPICON_NAME = AppIcon;
				DEVELOPMENT_TEAM = CXU6BD8CC4;
				FRAMEWORK_SEARCH_PATHS = (
					"$(inherited)",
					"$(PROJECT_DIR)/build/Debug-iphoneos/Charts",
				);
				INFOPLIST_FILE = TKZWHackathon2/Info.plist;
				LD_RUNPATH_SEARCH_PATHS = "$(inherited) @executable_path/Frameworks";
				PRODUCT_BUNDLE_IDENTIFIER = com.Shirata.TKZWHackathon2;
				PRODUCT_NAME = "$(TARGET_NAME)";
				SWIFT_VERSION = 3.0;
			};
			name = Debug;
		};
		C4427CE91E63DFD1008E8D4B /* Release */ = {
			isa = XCBuildConfiguration;
			baseConfigurationReference = 558EA60C425A15ACA7503290 /* Pods-TKZWHackathon2.release.xcconfig */;
			buildSettings = {
				ASSETCATALOG_COMPILER_APPICON_NAME = AppIcon;
				DEVELOPMENT_TEAM = CXU6BD8CC4;
				FRAMEWORK_SEARCH_PATHS = (
					"$(inherited)",
					"$(PROJECT_DIR)/build/Debug-iphoneos/Charts",
				);
				INFOPLIST_FILE = TKZWHackathon2/Info.plist;
				LD_RUNPATH_SEARCH_PATHS = "$(inherited) @executable_path/Frameworks";
				PRODUCT_BUNDLE_IDENTIFIER = com.Shirata.TKZWHackathon2;
				PRODUCT_NAME = "$(TARGET_NAME)";
				SWIFT_VERSION = 3.0;
			};
			name = Release;
		};
/* End XCBuildConfiguration section */

/* Begin XCConfigurationList section */
		C4427CD01E63DFD1008E8D4B /* Build configuration list for PBXProject "TKZWHackathon2" */ = {
			isa = XCConfigurationList;
			buildConfigurations = (
				C4427CE51E63DFD1008E8D4B /* Debug */,
				C4427CE61E63DFD1008E8D4B /* Release */,
			);
			defaultConfigurationIsVisible = 0;
			defaultConfigurationName = Release;
		};
		C4427CE71E63DFD1008E8D4B /* Build configuration list for PBXNativeTarget "TKZWHackathon2" */ = {
			isa = XCConfigurationList;
			buildConfigurations = (
				C4427CE81E63DFD1008E8D4B /* Debug */,
				C4427CE91E63DFD1008E8D4B /* Release */,
			);
			defaultConfigurationIsVisible = 0;
			defaultConfigurationName = Release;
		};
/* End XCConfigurationList section */
	};
	rootObject = C4427CCD1E63DFD1008E8D4B /* Project object */;
}
